
Microsoft Visual Studio Solution File, Format Version 12.00
# Visual Studio 15
VisualStudioVersion = 15.0.27703.2000
MinimumVisualStudioVersion = 10.0.40219.1
Project("{FAE04EC0-301F-11D3-BF4B-00C04F79EFBC}") = "Models", "Models\Models.csproj", "{BFD8A574-F8E5-4141-967F-5961D68BEC09}"
EndProject
Project("{E24C65DC-7377-472B-9ABA-BC803B73C61A}") = "WebApp", "WebApp\", "{216C0402-B66D-4701-AE98-A59A8D6E8188}"
	ProjectSection(WebsiteProperties) = preProject
		TargetFrameworkMoniker = ".NETFramework,Version%3Dv4.6.1"
		ProjectReferences = "{bfd8a574-f8e5-4141-967f-5961d68bec09}|Models.dll;"
		Debug.AspNetCompiler.VirtualPath = "/localhost_34580"
		Debug.AspNetCompiler.PhysicalPath = "WebApp\"
		Debug.AspNetCompiler.TargetPath = "PrecompiledWeb\localhost_34580\"
		Debug.AspNetCompiler.Updateable = "true"
		Debug.AspNetCompiler.ForceOverwrite = "true"
		Debug.AspNetCompiler.FixedNames = "false"
		Debug.AspNetCompiler.Debug = "True"
		Release.AspNetCompiler.VirtualPath = "/localhost_34580"
		Release.AspNetCompiler.PhysicalPath = "WebApp\"
		Release.AspNetCompiler.TargetPath = "PrecompiledWeb\localhost_34580\"
		Release.AspNetCompiler.Updateable = "true"
		Release.AspNetCompiler.ForceOverwrite = "true"
		Release.AspNetCompiler.FixedNames = "false"
		Release.AspNetCompiler.Debug = "False"
		VWDPort = "34580"
		SlnRelativePath = "WebApp\"
		DefaultWebSiteLanguage = "Visual C#"
	EndProjectSection
EndProject
Global
	GlobalSection(SolutionConfigurationPlatforms) = preSolution
		Debug|Any CPU = Debug|Any CPU
		Release|Any CPU = Release|Any CPU
	EndGlobalSection
	GlobalSection(ProjectConfigurationPlatforms) = postSolution
		{BFD8A574-F8E5-4141-967F-5961D68BEC09}.Debug|Any CPU.ActiveCfg = Debug|Any CPU
		{BFD8A574-F8E5-4141-967F-5961D68BEC09}.Debug|Any CPU.Build.0 = Debug|Any CPU
		{BFD8A574-F8E5-4141-967F-5961D68BEC09}.Release|Any CPU.ActiveCfg = Release|Any CPU
		{BFD8A574-F8E5-4141-967F-5961D68BEC09}.Release|Any CPU.Build.0 = Release|Any CPU
		{216C0402-B66D-4701-AE98-A59A8D6E8188}.Debug|Any CPU.ActiveCfg = Debug|Any CPU
		{216C0402-B66D-4701-AE98-A59A8D6E8188}.Debug|Any CPU.Build.0 = Debug|Any CPU
		{216C0402-B66D-4701-AE98-A59A8D6E8188}.Release|Any CPU.ActiveCfg = Debug|Any CPU
		{216C0402-B66D-4701-AE98-A59A8D6E8188}.Release|Any CPU.Build.0 = Debug|Any CPU
	EndGlobalSection
	GlobalSection(SolutionProperties) = preSolution
		HideSolutionNode = FALSE
	EndGlobalSection
	GlobalSection(ExtensibilityGlobals) = postSolution
		SolutionGuid = {4AFF65DF-D517-4DC2-A46C-078FA56905AE}
	EndGlobalSection
EndGlobal
